// !$*UTF8*$!
{
	archiveVersion = 1;
	classes = {
	};
	objectVersion = 50;
	objects = {

/* Begin PBXBuildFile section */
		725B089524A20E380067C6B9 /* AppDelegate.swift in Sources */ = {isa = PBXBuildFile; fileRef = 725B089424A20E380067C6B9 /* AppDelegate.swift */; };
		725B089724A20E380067C6B9 /* SceneDelegate.swift in Sources */ = {isa = PBXBuildFile; fileRef = 725B089624A20E380067C6B9 /* SceneDelegate.swift */; };
		725B089924A20E380067C6B9 /* FeedViewController.swift in Sources */ = {isa = PBXBuildFile; fileRef = 725B089824A20E380067C6B9 /* FeedViewController.swift */; };
		725B089C24A20E380067C6B9 /* Main.storyboard in Resources */ = {isa = PBXBuildFile; fileRef = 725B089A24A20E380067C6B9 /* Main.storyboard */; };
		725B089E24A20E390067C6B9 /* Assets.xcassets in Resources */ = {isa = PBXBuildFile; fileRef = 725B089D24A20E390067C6B9 /* Assets.xcassets */; };
		725B08A124A20E390067C6B9 /* LaunchScreen.storyboard in Resources */ = {isa = PBXBuildFile; fileRef = 725B089F24A20E390067C6B9 /* LaunchScreen.storyboard */; };
		725B08AC24A20E390067C6B9 /* CollectionAdapterTests.swift in Sources */ = {isa = PBXBuildFile; fileRef = 725B08AB24A20E390067C6B9 /* CollectionAdapterTests.swift */; };
		725B08B724A20E390067C6B9 /* CollectionAdapterUITests.swift in Sources */ = {isa = PBXBuildFile; fileRef = 725B08B624A20E390067C6B9 /* CollectionAdapterUITests.swift */; };
		725B08C524A20E6D0067C6B9 /* UITableView+Extension.swift in Sources */ = {isa = PBXBuildFile; fileRef = 725B08C424A20E6D0067C6B9 /* UITableView+Extension.swift */; };
		725B08C824A20E8E0067C6B9 /* FeedModel.swift in Sources */ = {isa = PBXBuildFile; fileRef = 725B08C724A20E8E0067C6B9 /* FeedModel.swift */; };
		725B08CB24A20EBF0067C6B9 /* DataManager.swift in Sources */ = {isa = PBXBuildFile; fileRef = 725B08CA24A20EBF0067C6B9 /* DataManager.swift */; };
		725B08CD24A20EDB0067C6B9 /* Adapter.swift in Sources */ = {isa = PBXBuildFile; fileRef = 725B08CC24A20EDB0067C6B9 /* Adapter.swift */; };
		725B08CF24A20EFF0067C6B9 /* FeedDataManager.swift in Sources */ = {isa = PBXBuildFile; fileRef = 725B08CE24A20EFF0067C6B9 /* FeedDataManager.swift */; };
		725B08D124A20F180067C6B9 /* FeedCell.swift in Sources */ = {isa = PBXBuildFile; fileRef = 725B08D024A20F180067C6B9 /* FeedCell.swift */; };
		725B08D324A211180067C6B9 /* FeedAdapter.swift in Sources */ = {isa = PBXBuildFile; fileRef = 725B08D224A211180067C6B9 /* FeedAdapter.swift */; };
		725B08D524A214180067C6B9 /* FeedCell.xib in Resources */ = {isa = PBXBuildFile; fileRef = 725B08D424A214180067C6B9 /* FeedCell.xib */; };
/* End PBXBuildFile section */

/* Begin PBXContainerItemProxy section */
		725B08A824A20E390067C6B9 /* PBXContainerItemProxy */ = {
			isa = PBXContainerItemProxy;
			containerPortal = 725B088924A20E370067C6B9 /* Project object */;
			proxyType = 1;
			remoteGlobalIDString = 725B089024A20E380067C6B9;
			remoteInfo = CollectionAdapter;
		};
		725B08B324A20E390067C6B9 /* PBXContainerItemProxy */ = {
			isa = PBXContainerItemProxy;
			containerPortal = 725B088924A20E370067C6B9 /* Project object */;
			proxyType = 1;
			remoteGlobalIDString = 725B089024A20E380067C6B9;
			remoteInfo = CollectionAdapter;
		};
/* End PBXContainerItemProxy section */

/* Begin PBXFileReference section */
		725B089124A20E380067C6B9 /* CollectionAdapter.app */ = {isa = PBXFileReference; explicitFileType = wrapper.application; includeInIndex = 0; path = CollectionAdapter.app; sourceTree = BUILT_PRODUCTS_DIR; };
		725B089424A20E380067C6B9 /* AppDelegate.swift */ = {isa = PBXFileReference; lastKnownFileType = sourcecode.swift; path = AppDelegate.swift; sourceTree = "<group>"; };
		725B089624A20E380067C6B9 /* SceneDelegate.swift */ = {isa = PBXFileReference; lastKnownFileType = sourcecode.swift; path = SceneDelegate.swift; sourceTree = "<group>"; };
		725B089824A20E380067C6B9 /* FeedViewController.swift */ = {isa = PBXFileReference; lastKnownFileType = sourcecode.swift; path = FeedViewController.swift; sourceTree = "<group>"; };
		725B089B24A20E380067C6B9 /* Base */ = {isa = PBXFileReference; lastKnownFileType = file.storyboard; name = Base; path = Base.lproj/Main.storyboard; sourceTree = "<group>"; };
		725B089D24A20E390067C6B9 /* Assets.xcassets */ = {isa = PBXFileReference; lastKnownFileType = folder.assetcatalog; path = Assets.xcassets; sourceTree = "<group>"; };
		725B08A024A20E390067C6B9 /* Base */ = {isa = PBXFileReference; lastKnownFileType = file.storyboard; name = Base; path = Base.lproj/LaunchScreen.storyboard; sourceTree = "<group>"; };
		725B08A224A20E390067C6B9 /* Info.plist */ = {isa = PBXFileReference; lastKnownFileType = text.plist.xml; path = Info.plist; sourceTree = "<group>"; };
		725B08A724A20E390067C6B9 /* CollectionAdapterTests.xctest */ = {isa = PBXFileReference; explicitFileType = wrapper.cfbundle; includeInIndex = 0; path = CollectionAdapterTests.xctest; sourceTree = BUILT_PRODUCTS_DIR; };
		725B08AB24A20E390067C6B9 /* CollectionAdapterTests.swift */ = {isa = PBXFileReference; lastKnownFileType = sourcecode.swift; path = CollectionAdapterTests.swift; sourceTree = "<group>"; };
		725B08AD24A20E390067C6B9 /* Info.plist */ = {isa = PBXFileReference; lastKnownFileType = text.plist.xml; path = Info.plist; sourceTree = "<group>"; };
		725B08B224A20E390067C6B9 /* CollectionAdapterUITests.xctest */ = {isa = PBXFileReference; explicitFileType = wrapper.cfbundle; includeInIndex = 0; path = CollectionAdapterUITests.xctest; sourceTree = BUILT_PRODUCTS_DIR; };
		725B08B624A20E390067C6B9 /* CollectionAdapterUITests.swift */ = {isa = PBXFileReference; lastKnownFileType = sourcecode.swift; path = CollectionAdapterUITests.swift; sourceTree = "<group>"; };
		725B08B824A20E390067C6B9 /* Info.plist */ = {isa = PBXFileReference; lastKnownFileType = text.plist.xml; path = Info.plist; sourceTree = "<group>"; };
		725B08C424A20E6D0067C6B9 /* UITableView+Extension.swift */ = {isa = PBXFileReference; lastKnownFileType = sourcecode.swift; path = "UITableView+Extension.swift"; sourceTree = "<group>"; };
		725B08C724A20E8E0067C6B9 /* FeedModel.swift */ = {isa = PBXFileReference; lastKnownFileType = sourcecode.swift; path = FeedModel.swift; sourceTree = "<group>"; };
		725B08CA24A20EBF0067C6B9 /* DataManager.swift */ = {isa = PBXFileReference; lastKnownFileType = sourcecode.swift; path = DataManager.swift; sourceTree = "<group>"; };
		725B08CC24A20EDB0067C6B9 /* Adapter.swift */ = {isa = PBXFileReference; lastKnownFileType = sourcecode.swift; path = Adapter.swift; sourceTree = "<group>"; };
		725B08CE24A20EFF0067C6B9 /* FeedDataManager.swift */ = {isa = PBXFileReference; lastKnownFileType = sourcecode.swift; path = FeedDataManager.swift; sourceTree = "<group>"; };
		725B08D024A20F180067C6B9 /* FeedCell.swift */ = {isa = PBXFileReference; lastKnownFileType = sourcecode.swift; path = FeedCell.swift; sourceTree = "<group>"; };
		725B08D224A211180067C6B9 /* FeedAdapter.swift */ = {isa = PBXFileReference; lastKnownFileType = sourcecode.swift; path = FeedAdapter.swift; sourceTree = "<group>"; };
		725B08D424A214180067C6B9 /* FeedCell.xib */ = {isa = PBXFileReference; lastKnownFileType = file.xib; path = FeedCell.xib; sourceTree = "<group>"; };
/* End PBXFileReference section */

/* Begin PBXFrameworksBuildPhase section */
		725B088E24A20E380067C6B9 /* Frameworks */ = {
			isa = PBXFrameworksBuildPhase;
			buildActionMask = 2147483647;
			files = (
			);
			runOnlyForDeploymentPostprocessing = 0;
		};
		725B08A424A20E390067C6B9 /* Frameworks */ = {
			isa = PBXFrameworksBuildPhase;
			buildActionMask = 2147483647;
			files = (
			);
			runOnlyForDeploymentPostprocessing = 0;
		};
		725B08AF24A20E390067C6B9 /* Frameworks */ = {
			isa = PBXFrameworksBuildPhase;
			buildActionMask = 2147483647;
			files = (
			);
			runOnlyForDeploymentPostprocessing = 0;
		};
/* End PBXFrameworksBuildPhase section */

/* Begin PBXGroup section */
		725B088824A20E370067C6B9 = {
			isa = PBXGroup;
			children = (
				725B089324A20E380067C6B9 /* CollectionAdapter */,
				725B08AA24A20E390067C6B9 /* CollectionAdapterTests */,
				725B08B524A20E390067C6B9 /* CollectionAdapterUITests */,
				725B089224A20E380067C6B9 /* Products */,
			);
			sourceTree = "<group>";
		};
		725B089224A20E380067C6B9 /* Products */ = {
			isa = PBXGroup;
			children = (
				725B089124A20E380067C6B9 /* CollectionAdapter.app */,
				725B08A724A20E390067C6B9 /* CollectionAdapterTests.xctest */,
				725B08B224A20E390067C6B9 /* CollectionAdapterUITests.xctest */,
			);
			name = Products;
			sourceTree = "<group>";
		};
		725B089324A20E380067C6B9 /* CollectionAdapter */ = {
			isa = PBXGroup;
			children = (
				725B089424A20E380067C6B9 /* AppDelegate.swift */,
				725B089D24A20E390067C6B9 /* Assets.xcassets */,
				725B08C624A20E830067C6B9 /* Feed */,
				725B08A224A20E390067C6B9 /* Info.plist */,
				725B089F24A20E390067C6B9 /* LaunchScreen.storyboard */,
				725B089A24A20E380067C6B9 /* Main.storyboard */,
				725B089624A20E380067C6B9 /* SceneDelegate.swift */,
				725B08C924A20EA50067C6B9 /* Utility */,
			);
			path = CollectionAdapter;
			sourceTree = "<group>";
		};
		725B08AA24A20E390067C6B9 /* CollectionAdapterTests */ = {
			isa = PBXGroup;
			children = (
				725B08AB24A20E390067C6B9 /* CollectionAdapterTests.swift */,
				725B08AD24A20E390067C6B9 /* Info.plist */,
			);
			path = CollectionAdapterTests;
			sourceTree = "<group>";
		};
		725B08B524A20E390067C6B9 /* CollectionAdapterUITests */ = {
			isa = PBXGroup;
			children = (
				725B08B624A20E390067C6B9 /* CollectionAdapterUITests.swift */,
				725B08B824A20E390067C6B9 /* Info.plist */,
			);
			path = CollectionAdapterUITests;
			sourceTree = "<group>";
		};
		725B08C624A20E830067C6B9 /* Feed */ = {
			isa = PBXGroup;
			children = (
				725B08D624A2141E0067C6B9 /* Cell */,
				725B08D224A211180067C6B9 /* FeedAdapter.swift */,
				725B08CE24A20EFF0067C6B9 /* FeedDataManager.swift */,
				725B08C724A20E8E0067C6B9 /* FeedModel.swift */,
				725B089824A20E380067C6B9 /* FeedViewController.swift */,
			);
			path = Feed;
			sourceTree = "<group>";
		};
		725B08C924A20EA50067C6B9 /* Utility */ = {
			isa = PBXGroup;
			children = (
				725B08CC24A20EDB0067C6B9 /* Adapter.swift */,
				725B08CA24A20EBF0067C6B9 /* DataManager.swift */,
				725B08C424A20E6D0067C6B9 /* UITableView+Extension.swift */,
			);
			path = Utility;
			sourceTree = "<group>";
		};
		725B08D624A2141E0067C6B9 /* Cell */ = {
			isa = PBXGroup;
			children = (
				725B08D024A20F180067C6B9 /* FeedCell.swift */,
				725B08D424A214180067C6B9 /* FeedCell.xib */,
			);
			path = Cell;
			sourceTree = "<group>";
		};
/* End PBXGroup section */

/* Begin PBXNativeTarget section */
		725B089024A20E380067C6B9 /* CollectionAdapter */ = {
			isa = PBXNativeTarget;
			buildConfigurationList = 725B08BB24A20E390067C6B9 /* Build configuration list for PBXNativeTarget "CollectionAdapter" */;
			buildPhases = (
				725B088D24A20E380067C6B9 /* Sources */,
				725B088E24A20E380067C6B9 /* Frameworks */,
				725B088F24A20E380067C6B9 /* Resources */,
			);
			buildRules = (
			);
			dependencies = (
			);
			name = CollectionAdapter;
			productName = CollectionAdapter;
			productReference = 725B089124A20E380067C6B9 /* CollectionAdapter.app */;
			productType = "com.apple.product-type.application";
		};
		725B08A624A20E390067C6B9 /* CollectionAdapterTests */ = {
			isa = PBXNativeTarget;
			buildConfigurationList = 725B08BE24A20E390067C6B9 /* Build configuration list for PBXNativeTarget "CollectionAdapterTests" */;
			buildPhases = (
				725B08A324A20E390067C6B9 /* Sources */,
				725B08A424A20E390067C6B9 /* Frameworks */,
				725B08A524A20E390067C6B9 /* Resources */,
			);
			buildRules = (
			);
			dependencies = (
				725B08A924A20E390067C6B9 /* PBXTargetDependency */,
			);
			name = CollectionAdapterTests;
			productName = CollectionAdapterTests;
			productReference = 725B08A724A20E390067C6B9 /* CollectionAdapterTests.xctest */;
			productType = "com.apple.product-type.bundle.unit-test";
		};
		725B08B124A20E390067C6B9 /* CollectionAdapterUITests */ = {
			isa = PBXNativeTarget;
			buildConfigurationList = 725B08C124A20E390067C6B9 /* Build configuration list for PBXNativeTarget "CollectionAdapterUITests" */;
			buildPhases = (
				725B08AE24A20E390067C6B9 /* Sources */,
				725B08AF24A20E390067C6B9 /* Frameworks */,
				725B08B024A20E390067C6B9 /* Resources */,
			);
			buildRules = (
			);
			dependencies = (
				725B08B424A20E390067C6B9 /* PBXTargetDependency */,
			);
			name = CollectionAdapterUITests;
			productName = CollectionAdapterUITests;
			productReference = 725B08B224A20E390067C6B9 /* CollectionAdapterUITests.xctest */;
			productType = "com.apple.product-type.bundle.ui-testing";
		};
/* End PBXNativeTarget section */

/* Begin PBXProject section */
		725B088924A20E370067C6B9 /* Project object */ = {
			isa = PBXProject;
			attributes = {
				LastSwiftUpdateCheck = 1150;
				LastUpgradeCheck = 1150;
				ORGANIZATIONNAME = "Nontapat Siengsanor";
				TargetAttributes = {
					725B089024A20E380067C6B9 = {
						CreatedOnToolsVersion = 11.5;
					};
					725B08A624A20E390067C6B9 = {
						CreatedOnToolsVersion = 11.5;
						TestTargetID = 725B089024A20E380067C6B9;
					};
					725B08B124A20E390067C6B9 = {
						CreatedOnToolsVersion = 11.5;
						TestTargetID = 725B089024A20E380067C6B9;
					};
				};
			};
			buildConfigurationList = 725B088C24A20E370067C6B9 /* Build configuration list for PBXProject "CollectionAdapter" */;
			compatibilityVersion = "Xcode 9.3";
			developmentRegion = en;
			hasScannedForEncodings = 0;
			knownRegions = (
				en,
				Base,
			);
			mainGroup = 725B088824A20E370067C6B9;
			productRefGroup = 725B089224A20E380067C6B9 /* Products */;
			projectDirPath = "";
			projectRoot = "";
			targets = (
				725B089024A20E380067C6B9 /* CollectionAdapter */,
				725B08A624A20E390067C6B9 /* CollectionAdapterTests */,
				725B08B124A20E390067C6B9 /* CollectionAdapterUITests */,
			);
		};
/* End PBXProject section */

/* Begin PBXResourcesBuildPhase section */
		725B088F24A20E380067C6B9 /* Resources */ = {
			isa = PBXResourcesBuildPhase;
			buildActionMask = 2147483647;
			files = (
				725B08A124A20E390067C6B9 /* LaunchScreen.storyboard in Resources */,
				725B08D524A214180067C6B9 /* FeedCell.xib in Resources */,
				725B089E24A20E390067C6B9 /* Assets.xcassets in Resources */,
				725B089C24A20E380067C6B9 /* Main.storyboard in Resources */,
			);
			runOnlyForDeploymentPostprocessing = 0;
		};
		725B08A524A20E390067C6B9 /* Resources */ = {
			isa = PBXResourcesBuildPhase;
			buildActionMask = 2147483647;
			files = (
			);
			runOnlyForDeploymentPostprocessing = 0;
		};
		725B08B024A20E390067C6B9 /* Resources */ = {
			isa = PBXResourcesBuildPhase;
			buildActionMask = 2147483647;
			files = (
			);
			runOnlyForDeploymentPostprocessing = 0;
		};
/* End PBXResourcesBuildPhase section */

/* Begin PBXSourcesBuildPhase section */
		725B088D24A20E380067C6B9 /* Sources */ = {
			isa = PBXSourcesBuildPhase;
			buildActionMask = 2147483647;
			files = (
				725B089924A20E380067C6B9 /* FeedViewController.swift in Sources */,
				725B08CF24A20EFF0067C6B9 /* FeedDataManager.swift in Sources */,
				725B08CB24A20EBF0067C6B9 /* DataManager.swift in Sources */,
				725B089524A20E380067C6B9 /* AppDelegate.swift in Sources */,
				725B08C824A20E8E0067C6B9 /* FeedModel.swift in Sources */,
				725B089724A20E380067C6B9 /* SceneDelegate.swift in Sources */,
				725B08C524A20E6D0067C6B9 /* UITableView+Extension.swift in Sources */,
				725B08D324A211180067C6B9 /* FeedAdapter.swift in Sources */,
				725B08CD24A20EDB0067C6B9 /* Adapter.swift in Sources */,
				725B08D124A20F180067C6B9 /* FeedCell.swift in Sources */,
			);
			runOnlyForDeploymentPostprocessing = 0;
		};
		725B08A324A20E390067C6B9 /* Sources */ = {
			isa = PBXSourcesBuildPhase;
			buildActionMask = 2147483647;
			files = (
				725B08AC24A20E390067C6B9 /* CollectionAdapterTests.swift in Sources */,
			);
			runOnlyForDeploymentPostprocessing = 0;
		};
		725B08AE24A20E390067C6B9 /* Sources */ = {
			isa = PBXSourcesBuildPhase;
			buildActionMask = 2147483647;
			files = (
				725B08B724A20E390067C6B9 /* CollectionAdapterUITests.swift in Sources */,
			);
			runOnlyForDeploymentPostprocessing = 0;
		};
/* End PBXSourcesBuildPhase section */

/* Begin PBXTargetDependency section */
		725B08A924A20E390067C6B9 /* PBXTargetDependency */ = {
			isa = PBXTargetDependency;
			target = 725B089024A20E380067C6B9 /* CollectionAdapter */;
			targetProxy = 725B08A824A20E390067C6B9 /* PBXContainerItemProxy */;
		};
		725B08B424A20E390067C6B9 /* PBXTargetDependency */ = {
			isa = PBXTargetDependency;
			target = 725B089024A20E380067C6B9 /* CollectionAdapter */;
			targetProxy = 725B08B324A20E390067C6B9 /* PBXContainerItemProxy */;
		};
/* End PBXTargetDependency section */

/* Begin PBXVariantGroup section */
		725B089A24A20E380067C6B9 /* Main.storyboard */ = {
			isa = PBXVariantGroup;
			children = (
				725B089B24A20E380067C6B9 /* Base */,
			);
			name = Main.storyboard;
			sourceTree = "<group>";
		};
		725B089F24A20E390067C6B9 /* LaunchScreen.storyboard */ = {
			isa = PBXVariantGroup;
			children = (
				725B08A024A20E390067C6B9 /* Base */,
			);
			name = LaunchScreen.storyboard;
			sourceTree = "<group>";
		};
/* End PBXVariantGroup section */

/* Begin XCBuildConfiguration section */
		725B08B924A20E390067C6B9 /* Debug */ = {
			isa = XCBuildConfiguration;
			buildSettings = {
				ALWAYS_SEARCH_USER_PATHS = NO;
				CLANG_ANALYZER_NONNULL = YES;
				CLANG_ANALYZER_NUMBER_OBJECT_CONVERSION = YES_AGGRESSIVE;
				CLANG_CXX_LANGUAGE_STANDARD = "gnu++14";
				CLANG_CXX_LIBRARY = "libc++";
				CLANG_ENABLE_MODULES = YES;
				CLANG_ENABLE_OBJC_ARC = YES;
				CLANG_ENABLE_OBJC_WEAK = YES;
				CLANG_WARN_BLOCK_CAPTURE_AUTORELEASING = YES;
				CLANG_WARN_BOOL_CONVERSION = YES;
				CLANG_WARN_COMMA = YES;
				CLANG_WARN_CONSTANT_CONVERSION = YES;
				CLANG_WARN_DEPRECATED_OBJC_IMPLEMENTATIONS = YES;
				CLANG_WARN_DIRECT_OBJC_ISA_USAGE = YES_ERROR;
				CLANG_WARN_DOCUMENTATION_COMMENTS = YES;
				CLANG_WARN_EMPTY_BODY = YES;
				CLANG_WARN_ENUM_CONVERSION = YES;
				CLANG_WARN_INFINITE_RECURSION = YES;
				CLANG_WARN_INT_CONVERSION = YES;
				CLANG_WARN_NON_LITERAL_NULL_CONVERSION = YES;
				CLANG_WARN_OBJC_IMPLICIT_RETAIN_SELF = YES;
				CLANG_WARN_OBJC_LITERAL_CONVERSION = YES;
				CLANG_WARN_OBJC_ROOT_CLASS = YES_ERROR;
				CLANG_WARN_RANGE_LOOP_ANALYSIS = YES;
				CLANG_WARN_STRICT_PROTOTYPES = YES;
				CLANG_WARN_SUSPICIOUS_MOVE = YES;
				CLANG_WARN_UNGUARDED_AVAILABILITY = YES_AGGRESSIVE;
				CLANG_WARN_UNREACHABLE_CODE = YES;
				CLANG_WARN__DUPLICATE_METHOD_MATCH = YES;
				COPY_PHASE_STRIP = NO;
				DEBUG_INFORMATION_FORMAT = dwarf;
				ENABLE_STRICT_OBJC_MSGSEND = YES;
				ENABLE_TESTABILITY = YES;
				GCC_C_LANGUAGE_STANDARD = gnu11;
				GCC_DYNAMIC_NO_PIC = NO;
				GCC_NO_COMMON_BLOCKS = YES;
				GCC_OPTIMIZATION_LEVEL = 0;
				GCC_PREPROCESSOR_DEFINITIONS = (
					"DEBUG=1",
					"$(inherited)",
				);
				GCC_WARN_64_TO_32_BIT_CONVERSION = YES;
				GCC_WARN_ABOUT_RETURN_TYPE = YES_ERROR;
				GCC_WARN_UNDECLARED_SELECTOR = YES;
				GCC_WARN_UNINITIALIZED_AUTOS = YES_AGGRESSIVE;
				GCC_WARN_UNUSED_FUNCTION = YES;
				GCC_WARN_UNUSED_VARIABLE = YES;
				IPHONEOS_DEPLOYMENT_TARGET = 13.5;
				MTL_ENABLE_DEBUG_INFO = INCLUDE_SOURCE;
				MTL_FAST_MATH = YES;
				ONLY_ACTIVE_ARCH = YES;
				SDKROOT = iphoneos;
				SWIFT_ACTIVE_COMPILATION_CONDITIONS = DEBUG;
				SWIFT_OPTIMIZATION_LEVEL = "-Onone";
			};
			name = Debug;
		};
		725B08BA24A20E390067C6B9 /* Release */ = {
			isa = XCBuildConfiguration;
			buildSettings = {
				ALWAYS_SEARCH_USER_PATHS = NO;
				CLANG_ANALYZER_NONNULL = YES;
				CLANG_ANALYZER_NUMBER_OBJECT_CONVERSION = YES_AGGRESSIVE;
				CLANG_CXX_LANGUAGE_STANDARD = "gnu++14";
				CLANG_CXX_LIBRARY = "libc++";
				CLANG_ENABLE_MODULES = YES;
				CLANG_ENABLE_OBJC_ARC = YES;
				CLANG_ENABLE_OBJC_WEAK = YES;
				CLANG_WARN_BLOCK_CAPTURE_AUTORELEASING = YES;
				CLANG_WARN_BOOL_CONVERSION = YES;
				CLANG_WARN_COMMA = YES;
				CLANG_WARN_CONSTANT_CONVERSION = YES;
				CLANG_WARN_DEPRECATED_OBJC_IMPLEMENTATIONS = YES;
				CLANG_WARN_DIRECT_OBJC_ISA_USAGE = YES_ERROR;
				CLANG_WARN_DOCUMENTATION_COMMENTS = YES;
				CLANG_WARN_EMPTY_BODY = YES;
				CLANG_WARN_ENUM_CONVERSION = YES;
				CLANG_WARN_INFINITE_RECURSION = YES;
				CLANG_WARN_INT_CONVERSION = YES;
				CLANG_WARN_NON_LITERAL_NULL_CONVERSION = YES;
				CLANG_WARN_OBJC_IMPLICIT_RETAIN_SELF = YES;
				CLANG_WARN_OBJC_LITERAL_CONVERSION = YES;
				CLANG_WARN_OBJC_ROOT_CLASS = YES_ERROR;
				CLANG_WARN_RANGE_LOOP_ANALYSIS = YES;
				CLANG_WARN_STRICT_PROTOTYPES = YES;
				CLANG_WARN_SUSPICIOUS_MOVE = YES;
				CLANG_WARN_UNGUARDED_AVAILABILITY = YES_AGGRESSIVE;
				CLANG_WARN_UNREACHABLE_CODE = YES;
				CLANG_WARN__DUPLICATE_METHOD_MATCH = YES;
				COPY_PHASE_STRIP = NO;
				DEBUG_INFORMATION_FORMAT = "dwarf-with-dsym";
				ENABLE_NS_ASSERTIONS = NO;
				ENABLE_STRICT_OBJC_MSGSEND = YES;
				GCC_C_LANGUAGE_STANDARD = gnu11;
				GCC_NO_COMMON_BLOCKS = YES;
				GCC_WARN_64_TO_32_BIT_CONVERSION = YES;
				GCC_WARN_ABOUT_RETURN_TYPE = YES_ERROR;
				GCC_WARN_UNDECLARED_SELECTOR = YES;
				GCC_WARN_UNINITIALIZED_AUTOS = YES_AGGRESSIVE;
				GCC_WARN_UNUSED_FUNCTION = YES;
				GCC_WARN_UNUSED_VARIABLE = YES;
				IPHONEOS_DEPLOYMENT_TARGET = 13.5;
				MTL_ENABLE_DEBUG_INFO = NO;
				MTL_FAST_MATH = YES;
				SDKROOT = iphoneos;
				SWIFT_COMPILATION_MODE = wholemodule;
				SWIFT_OPTIMIZATION_LEVEL = "-O";
				VALIDATE_PRODUCT = YES;
			};
			name = Release;
		};
		725B08BC24A20E390067C6B9 /* Debug */ = {
			isa = XCBuildConfiguration;
			buildSettings = {
				ASSETCATALOG_COMPILER_APPICON_NAME = AppIcon;
				CODE_SIGN_STYLE = Automatic;
				INFOPLIST_FILE = CollectionAdapter/Info.plist;
				LD_RUNPATH_SEARCH_PATHS = (
					"$(inherited)",
					"@executable_path/Frameworks",
				);
				PRODUCT_BUNDLE_IDENTIFIER = com.unknow.CollectionAdapter;
				PRODUCT_NAME = "$(TARGET_NAME)";
				SWIFT_VERSION = 5.0;
				TARGETED_DEVICE_FAMILY = "1,2";
			};
			name = Debug;
		};
		725B08BD24A20E390067C6B9 /* Release */ = {
			isa = XCBuildConfiguration;
			buildSettings = {
				ASSETCATALOG_COMPILER_APPICON_NAME = AppIcon;
				CODE_SIGN_STYLE = Automatic;
				INFOPLIST_FILE = CollectionAdapter/Info.plist;
				LD_RUNPATH_SEARCH_PATHS = (
					"$(inherited)",
					"@executable_path/Frameworks",
				);
				PRODUCT_BUNDLE_IDENTIFIER = com.unknow.CollectionAdapter;
				PRODUCT_NAME = "$(TARGET_NAME)";
				SWIFT_VERSION = 5.0;
				TARGETED_DEVICE_FAMILY = "1,2";
			};
			name = Release;
		};
		725B08BF24A20E390067C6B9 /* Debug */ = {
			isa = XCBuildConfiguration;
			buildSettings = {
				ALWAYS_EMBED_SWIFT_STANDARD_LIBRARIES = YES;
				BUNDLE_LOADER = "$(TEST_HOST)";
				CODE_SIGN_STYLE = Automatic;
				INFOPLIST_FILE = CollectionAdapterTests/Info.plist;
				IPHONEOS_DEPLOYMENT_TARGET = 13.5;
				LD_RUNPATH_SEARCH_PATHS = (
					"$(inherited)",
					"@executable_path/Frameworks",
					"@loader_path/Frameworks",
				);
				PRODUCT_BUNDLE_IDENTIFIER = com.unknow.CollectionAdapterTests;
				PRODUCT_NAME = "$(TARGET_NAME)";
				SWIFT_VERSION = 5.0;
				TARGETED_DEVICE_FAMILY = "1,2";
				TEST_HOST = "$(BUILT_PRODUCTS_DIR)/CollectionAdapter.app/CollectionAdapter";
			};
			name = Debug;
		};
		725B08C024A20E390067C6B9 /* Release */ = {
			isa = XCBuildConfiguration;
			buildSettings = {
				ALWAYS_EMBED_SWIFT_STANDARD_LIBRARIES = YES;
				BUNDLE_LOADER = "$(TEST_HOST)";
				CODE_SIGN_STYLE = Automatic;
				INFOPLIST_FILE = CollectionAdapterTests/Info.plist;
				IPHONEOS_DEPLOYMENT_TARGET = 13.5;
				LD_RUNPATH_SEARCH_PATHS = (
					"$(inherited)",
					"@executable_path/Frameworks",
					"@loader_path/Frameworks",
				);
				PRODUCT_BUNDLE_IDENTIFIER = com.unknow.CollectionAdapterTests;
				PRODUCT_NAME = "$(TARGET_NAME)";
				SWIFT_VERSION = 5.0;
				TARGETED_DEVICE_FAMILY = "1,2";
				TEST_HOST = "$(BUILT_PRODUCTS_DIR)/CollectionAdapter.app/CollectionAdapter";
			};
			name = Release;
		};
		725B08C224A20E390067C6B9 /* Debug */ = {
			isa = XCBuildConfiguration;
			buildSettings = {
				ALWAYS_EMBED_SWIFT_STANDARD_LIBRARIES = YES;
				CODE_SIGN_STYLE = Automatic;
				INFOPLIST_FILE = CollectionAdapterUITests/Info.plist;
				LD_RUNPATH_SEARCH_PATHS = (
					"$(inherited)",
					"@executable_path/Frameworks",
					"@loader_path/Frameworks",
				);
				PRODUCT_BUNDLE_IDENTIFIER = com.unknow.CollectionAdapterUITests;
				PRODUCT_NAME = "$(TARGET_NAME)";
				SWIFT_VERSION = 5.0;
				TARGETED_DEVICE_FAMILY = "1,2";
				TEST_TARGET_NAME = CollectionAdapter;
			};
			name = Debug;
		};
		725B08C324A20E390067C6B9 /* Release */ = {
			isa = XCBuildConfiguration;
			buildSettings = {
				ALWAYS_EMBED_SWIFT_STANDARD_LIBRARIES = YES;
				CODE_SIGN_STYLE = Automatic;
				INFOPLIST_FILE = CollectionAdapterUITests/Info.plist;
				LD_RUNPATH_SEARCH_PATHS = (
					"$(inherited)",
					"@executable_path/Frameworks",
					"@loader_path/Frameworks",
				);
				PRODUCT_BUNDLE_IDENTIFIER = com.unknow.CollectionAdapterUITests;
				PRODUCT_NAME = "$(TARGET_NAME)";
				SWIFT_VERSION = 5.0;
				TARGETED_DEVICE_FAMILY = "1,2";
				TEST_TARGET_NAME = CollectionAdapter;
			};
			name = Release;
		};
/* End XCBuildConfiguration section */

/* Begin XCConfigurationList section */
		725B088C24A20E370067C6B9 /* Build configuration list for PBXProject "CollectionAdapter" */ = {
			isa = XCConfigurationList;
			buildConfigurations = (
				725B08B924A20E390067C6B9 /* Debug */,
				725B08BA24A20E390067C6B9 /* Release */,
			);
			defaultConfigurationIsVisible = 0;
			defaultConfigurationName = Release;
		};
		725B08BB24A20E390067C6B9 /* Build configuration list for PBXNativeTarget "CollectionAdapter" */ = {
			isa = XCConfigurationList;
			buildConfigurations = (
				725B08BC24A20E390067C6B9 /* Debug */,
				725B08BD24A20E390067C6B9 /* Release */,
			);
			defaultConfigurationIsVisible = 0;
			defaultConfigurationName = Release;
		};
		725B08BE24A20E390067C6B9 /* Build configuration list for PBXNativeTarget "CollectionAdapterTests" */ = {
			isa = XCConfigurationList;
			buildConfigurations = (
				725B08BF24A20E390067C6B9 /* Debug */,
				725B08C024A20E390067C6B9 /* Release */,
			);
			defaultConfigurationIsVisible = 0;
			defaultConfigurationName = Release;
		};
		725B08C124A20E390067C6B9 /* Build configuration list for PBXNativeTarget "CollectionAdapterUITests" */ = {
			isa = XCConfigurationList;
			buildConfigurations = (
				725B08C224A20E390067C6B9 /* Debug */,
				725B08C324A20E390067C6B9 /* Release */,
			);
			defaultConfigurationIsVisible = 0;
			defaultConfigurationName = Release;
		};
/* End XCConfigurationList section */
	};
	rootObject = 725B088924A20E370067C6B9 /* Project object */;
}
